// !$*UTF8*$!
{
	archiveVersion = 1;
	classes = {
	};
	objectVersion = 55;
	objects = {

/* Begin PBXBuildFile section */
		2B6AABA0269BEBDD001B17DE /* README.md in Resources */ = {isa = PBXBuildFile; fileRef = 2B6AAB9F269BEBDD001B17DE /* README.md */; };
		2B6AABA1269BEBDD001B17DE /* README.md in Resources */ = {isa = PBXBuildFile; fileRef = 2B6AAB9F269BEBDD001B17DE /* README.md */; };
		2B6AABA3269BEF97001B17DE /* COPYING in Resources */ = {isa = PBXBuildFile; fileRef = 2B6AABA2269BEF97001B17DE /* COPYING */; };
		2B6AABA4269BEF97001B17DE /* COPYING in Resources */ = {isa = PBXBuildFile; fileRef = 2B6AABA2269BEF97001B17DE /* COPYING */; };
		2B6AABA7269C0EDA001B17DE /* CarthageEngine.swift in Sources */ = {isa = PBXBuildFile; fileRef = 2B6AABA6269C0EDA001B17DE /* CarthageEngine.swift */; };
		2B6AABA8269C0EDA001B17DE /* CarthageEngine.swift in Sources */ = {isa = PBXBuildFile; fileRef = 2B6AABA6269C0EDA001B17DE /* CarthageEngine.swift */; };
		2B6AABAA269C1524001B17DE /* SceneKitEngine.swift in Sources */ = {isa = PBXBuildFile; fileRef = 2B6AABA9269C1524001B17DE /* SceneKitEngine.swift */; };
		2B6AABAB269C1524001B17DE /* SceneKitEngine.swift in Sources */ = {isa = PBXBuildFile; fileRef = 2B6AABA9269C1524001B17DE /* SceneKitEngine.swift */; };
		2B6AABAE269C2AAF001B17DE /* ScriptEditor.swift in Sources */ = {isa = PBXBuildFile; fileRef = 2B6AABAD269C2AAF001B17DE /* ScriptEditor.swift */; };
		2B6AABAF269C2AAF001B17DE /* ScriptEditor.swift in Sources */ = {isa = PBXBuildFile; fileRef = 2B6AABAD269C2AAF001B17DE /* ScriptEditor.swift */; };
		2B6AABB2269C2D56001B17DE /* Files in Resources */ = {isa = PBXBuildFile; fileRef = 2B6AABB1269C2D56001B17DE /* Files */; };
		2B6AABB3269C2D56001B17DE /* Files in Resources */ = {isa = PBXBuildFile; fileRef = 2B6AABB1269C2D56001B17DE /* Files */; };
		2BA40EEE269BBEDB00558C15 /* ProjectView.swift in Sources */ = {isa = PBXBuildFile; fileRef = 2BA40EED269BBEDB00558C15 /* ProjectView.swift */; };
		2BA40EEF269BBEDB00558C15 /* ProjectView.swift in Sources */ = {isa = PBXBuildFile; fileRef = 2BA40EED269BBEDB00558C15 /* ProjectView.swift */; };
		2BA40EF1269BBF8500558C15 /* SideView.swift in Sources */ = {isa = PBXBuildFile; fileRef = 2BA40EF0269BBF8500558C15 /* SideView.swift */; };
		2BA40EF2269BBF8500558C15 /* SideView.swift in Sources */ = {isa = PBXBuildFile; fileRef = 2BA40EF0269BBF8500558C15 /* SideView.swift */; };
		2BA40EF4269BC06900558C15 /* BrowserView.swift in Sources */ = {isa = PBXBuildFile; fileRef = 2BA40EF3269BC06900558C15 /* BrowserView.swift */; };
		2BA40EF5269BC06900558C15 /* BrowserView.swift in Sources */ = {isa = PBXBuildFile; fileRef = 2BA40EF3269BC06900558C15 /* BrowserView.swift */; };
		2BA40EF7269BC32300558C15 /* CarthageProject.swift in Sources */ = {isa = PBXBuildFile; fileRef = 2BA40EF6269BC32300558C15 /* CarthageProject.swift */; };
		2BA40EF8269BC32300558C15 /* CarthageProject.swift in Sources */ = {isa = PBXBuildFile; fileRef = 2BA40EF6269BC32300558C15 /* CarthageProject.swift */; };
		2BA40EFA269BC35500558C15 /* CarthageObject.swift in Sources */ = {isa = PBXBuildFile; fileRef = 2BA40EF9269BC35500558C15 /* CarthageObject.swift */; };
		2BA40EFB269BC35500558C15 /* CarthageObject.swift in Sources */ = {isa = PBXBuildFile; fileRef = 2BA40EF9269BC35500558C15 /* CarthageObject.swift */; };
		2BA40F00269BDA9400558C15 /* CarthageData.swift in Sources */ = {isa = PBXBuildFile; fileRef = 2BA40EFF269BDA9400558C15 /* CarthageData.swift */; };
		2BA40F01269BDA9400558C15 /* CarthageData.swift in Sources */ = {isa = PBXBuildFile; fileRef = 2BA40EFF269BDA9400558C15 /* CarthageData.swift */; };
		2BA40F03269BDE1700558C15 /* DataView.swift in Sources */ = {isa = PBXBuildFile; fileRef = 2BA40F02269BDE1700558C15 /* DataView.swift */; };
		2BA40F04269BDE1700558C15 /* DataView.swift in Sources */ = {isa = PBXBuildFile; fileRef = 2BA40F02269BDE1700558C15 /* DataView.swift */; };
		2BF4CEFC269ACE9E00337EB6 /* CarthageApp.swift in Sources */ = {isa = PBXBuildFile; fileRef = 2BF4CEE9269ACE9D00337EB6 /* CarthageApp.swift */; };
		2BF4CEFD269ACE9E00337EB6 /* CarthageApp.swift in Sources */ = {isa = PBXBuildFile; fileRef = 2BF4CEE9269ACE9D00337EB6 /* CarthageApp.swift */; };
		2BF4CEFE269ACE9E00337EB6 /* CarthageDocument.swift in Sources */ = {isa = PBXBuildFile; fileRef = 2BF4CEEA269ACE9D00337EB6 /* CarthageDocument.swift */; };
		2BF4CEFF269ACE9E00337EB6 /* CarthageDocument.swift in Sources */ = {isa = PBXBuildFile; fileRef = 2BF4CEEA269ACE9D00337EB6 /* CarthageDocument.swift */; };
		2BF4CF00269ACE9E00337EB6 /* ContentView.swift in Sources */ = {isa = PBXBuildFile; fileRef = 2BF4CEEB269ACE9D00337EB6 /* ContentView.swift */; };
		2BF4CF01269ACE9E00337EB6 /* ContentView.swift in Sources */ = {isa = PBXBuildFile; fileRef = 2BF4CEEB269ACE9D00337EB6 /* ContentView.swift */; };
		2BF4CF02269ACE9E00337EB6 /* Assets.xcassets in Resources */ = {isa = PBXBuildFile; fileRef = 2BF4CEEC269ACE9E00337EB6 /* Assets.xcassets */; };
		2BF4CF03269ACE9E00337EB6 /* Assets.xcassets in Resources */ = {isa = PBXBuildFile; fileRef = 2BF4CEEC269ACE9E00337EB6 /* Assets.xcassets */; };
		2BF4CF8B269AD97800337EB6 /* CarthageModel.swift in Sources */ = {isa = PBXBuildFile; fileRef = 2BF4CF8A269AD97800337EB6 /* CarthageModel.swift */; };
		2BF4CF8C269AD97800337EB6 /* CarthageModel.swift in Sources */ = {isa = PBXBuildFile; fileRef = 2BF4CF8A269AD97800337EB6 /* CarthageModel.swift */; };
/* End PBXBuildFile section */

/* Begin PBXFileReference section */
		2B6AAB9F269BEBDD001B17DE /* README.md */ = {isa = PBXFileReference; fileEncoding = 4; lastKnownFileType = net.daringfireball.markdown; path = README.md; sourceTree = "<group>"; };
		2B6AABA2269BEF97001B17DE /* COPYING */ = {isa = PBXFileReference; fileEncoding = 4; lastKnownFileType = text; path = COPYING; sourceTree = "<group>"; };
		2B6AABA6269C0EDA001B17DE /* CarthageEngine.swift */ = {isa = PBXFileReference; lastKnownFileType = sourcecode.swift; path = CarthageEngine.swift; sourceTree = "<group>"; };
		2B6AABA9269C1524001B17DE /* SceneKitEngine.swift */ = {isa = PBXFileReference; lastKnownFileType = sourcecode.swift; path = SceneKitEngine.swift; sourceTree = "<group>"; };
		2B6AABAD269C2AAF001B17DE /* ScriptEditor.swift */ = {isa = PBXFileReference; lastKnownFileType = sourcecode.swift; path = ScriptEditor.swift; sourceTree = "<group>"; };
		2B6AABB1269C2D56001B17DE /* Files */ = {isa = PBXFileReference; lastKnownFileType = folder; path = Files; sourceTree = "<group>"; };
		2B6AABB7269C2F75001B17DE /* Carthage.entitlements */ = {isa = PBXFileReference; lastKnownFileType = text.plist.entitlements; path = Carthage.entitlements; sourceTree = "<group>"; };
		2BA40EED269BBEDB00558C15 /* ProjectView.swift */ = {isa = PBXFileReference; lastKnownFileType = sourcecode.swift; path = ProjectView.swift; sourceTree = "<group>"; };
		2BA40EF0269BBF8500558C15 /* SideView.swift */ = {isa = PBXFileReference; lastKnownFileType = sourcecode.swift; path = SideView.swift; sourceTree = "<group>"; };
		2BA40EF3269BC06900558C15 /* BrowserView.swift */ = {isa = PBXFileReference; lastKnownFileType = sourcecode.swift; path = BrowserView.swift; sourceTree = "<group>"; };
		2BA40EF6269BC32300558C15 /* CarthageProject.swift */ = {isa = PBXFileReference; lastKnownFileType = sourcecode.swift; path = CarthageProject.swift; sourceTree = "<group>"; };
		2BA40EF9269BC35500558C15 /* CarthageObject.swift */ = {isa = PBXFileReference; lastKnownFileType = sourcecode.swift; path = CarthageObject.swift; sourceTree = "<group>"; };
		2BA40EFF269BDA9400558C15 /* CarthageData.swift */ = {isa = PBXFileReference; lastKnownFileType = sourcecode.swift; path = CarthageData.swift; sourceTree = "<group>"; };
		2BA40F02269BDE1700558C15 /* DataView.swift */ = {isa = PBXFileReference; lastKnownFileType = sourcecode.swift; path = DataView.swift; sourceTree = "<group>"; };
		2BF4CEE9269ACE9D00337EB6 /* CarthageApp.swift */ = {isa = PBXFileReference; lastKnownFileType = sourcecode.swift; path = CarthageApp.swift; sourceTree = "<group>"; };
		2BF4CEEA269ACE9D00337EB6 /* CarthageDocument.swift */ = {isa = PBXFileReference; lastKnownFileType = sourcecode.swift; path = CarthageDocument.swift; sourceTree = "<group>"; };
		2BF4CEEB269ACE9D00337EB6 /* ContentView.swift */ = {isa = PBXFileReference; lastKnownFileType = sourcecode.swift; path = ContentView.swift; sourceTree = "<group>"; };
		2BF4CEEC269ACE9E00337EB6 /* Assets.xcassets */ = {isa = PBXFileReference; lastKnownFileType = folder.assetcatalog; path = Assets.xcassets; sourceTree = "<group>"; };
		2BF4CEF1269ACE9E00337EB6 /* Carthage.app */ = {isa = PBXFileReference; explicitFileType = wrapper.application; includeInIndex = 0; path = Carthage.app; sourceTree = BUILT_PRODUCTS_DIR; };
		2BF4CEF4269ACE9E00337EB6 /* Info.plist */ = {isa = PBXFileReference; lastKnownFileType = text.plist.xml; path = Info.plist; sourceTree = "<group>"; };
		2BF4CEF9269ACE9E00337EB6 /* Carthage.app */ = {isa = PBXFileReference; explicitFileType = wrapper.application; includeInIndex = 0; path = Carthage.app; sourceTree = BUILT_PRODUCTS_DIR; };
		2BF4CEFB269ACE9E00337EB6 /* Info.plist */ = {isa = PBXFileReference; lastKnownFileType = text.plist.xml; path = Info.plist; sourceTree = "<group>"; };
		2BF4CF8A269AD97800337EB6 /* CarthageModel.swift */ = {isa = PBXFileReference; lastKnownFileType = sourcecode.swift; path = CarthageModel.swift; sourceTree = "<group>"; };
/* End PBXFileReference section */

/* Begin PBXFrameworksBuildPhase section */
		2BF4CEEE269ACE9E00337EB6 /* Frameworks */ = {
			isa = PBXFrameworksBuildPhase;
			buildActionMask = 2147483647;
			files = (
			);
			runOnlyForDeploymentPostprocessing = 0;
		};
		2BF4CEF6269ACE9E00337EB6 /* Frameworks */ = {
			isa = PBXFrameworksBuildPhase;
			buildActionMask = 2147483647;
			files = (
			);
			runOnlyForDeploymentPostprocessing = 0;
		};
/* End PBXFrameworksBuildPhase section */

/* Begin PBXGroup section */
		2B6AABA5269C0EA8001B17DE /* Engine */ = {
			isa = PBXGroup;
			children = (
				2B6AABA6269C0EDA001B17DE /* CarthageEngine.swift */,
				2B6AABA9269C1524001B17DE /* SceneKitEngine.swift */,
			);
			path = Engine;
			sourceTree = "<group>";
		};
		2B6AABAC269C2A77001B17DE /* JavaScript */ = {
			isa = PBXGroup;
			children = (
				2B6AABAD269C2AAF001B17DE /* ScriptEditor.swift */,
			);
			path = JavaScript;
			sourceTree = "<group>";
		};
		2BA40EEC269BBEAE00558C15 /* Views */ = {
			isa = PBXGroup;
			children = (
				2BA40EED269BBEDB00558C15 /* ProjectView.swift */,
				2BA40EF0269BBF8500558C15 /* SideView.swift */,
				2BA40EF3269BC06900558C15 /* BrowserView.swift */,
				2BA40F02269BDE1700558C15 /* DataView.swift */,
			);
			path = Views;
			sourceTree = "<group>";
		};
		2BF4CEE3269ACE9D00337EB6 = {
			isa = PBXGroup;
			children = (
				2B6AABB7269C2F75001B17DE /* Carthage.entitlements */,
				2B6AAB9F269BEBDD001B17DE /* README.md */,
				2B6AABA2269BEF97001B17DE /* COPYING */,
				2BF4CEE8269ACE9D00337EB6 /* Shared */,
				2BF4CEF3269ACE9E00337EB6 /* iOS */,
				2BF4CEFA269ACE9E00337EB6 /* macOS */,
				2BF4CEF2269ACE9E00337EB6 /* Products */,
			);
			sourceTree = "<group>";
		};
		2BF4CEE8269ACE9D00337EB6 /* Shared */ = {
			isa = PBXGroup;
			children = (
				2BF4CEE9269ACE9D00337EB6 /* CarthageApp.swift */,
				2BF4CEEA269ACE9D00337EB6 /* CarthageDocument.swift */,
				2BF4CEEB269ACE9D00337EB6 /* ContentView.swift */,
				2BF4CF8D269AD98D00337EB6 /* Model */,
				2BA40EEC269BBEAE00558C15 /* Views */,
				2B6AABA5269C0EA8001B17DE /* Engine */,
				2B6AABAC269C2A77001B17DE /* JavaScript */,
				2B6AABB1269C2D56001B17DE /* Files */,
				2BF4CEEC269ACE9E00337EB6 /* Assets.xcassets */,
			);
			path = Shared;
			sourceTree = "<group>";
		};
		2BF4CEF2269ACE9E00337EB6 /* Products */ = {
			isa = PBXGroup;
			children = (
				2BF4CEF1269ACE9E00337EB6 /* Carthage.app */,
				2BF4CEF9269ACE9E00337EB6 /* Carthage.app */,
			);
			name = Products;
			sourceTree = "<group>";
		};
		2BF4CEF3269ACE9E00337EB6 /* iOS */ = {
			isa = PBXGroup;
			children = (
				2BF4CEF4269ACE9E00337EB6 /* Info.plist */,
			);
			path = iOS;
			sourceTree = "<group>";
		};
		2BF4CEFA269ACE9E00337EB6 /* macOS */ = {
			isa = PBXGroup;
			children = (
				2BF4CEFB269ACE9E00337EB6 /* Info.plist */,
			);
			path = macOS;
			sourceTree = "<group>";
		};
		2BF4CF8D269AD98D00337EB6 /* Model */ = {
			isa = PBXGroup;
			children = (
				2BA40EFF269BDA9400558C15 /* CarthageData.swift */,
				2BA40EF9269BC35500558C15 /* CarthageObject.swift */,
				2BA40EF6269BC32300558C15 /* CarthageProject.swift */,
				2BF4CF8A269AD97800337EB6 /* CarthageModel.swift */,
			);
			path = Model;
			sourceTree = "<group>";
		};
/* End PBXGroup section */

/* Begin PBXNativeTarget section */
		2BF4CEF0269ACE9E00337EB6 /* Carthage (iOS) */ = {
			isa = PBXNativeTarget;
			buildConfigurationList = 2BF4CF06269ACE9E00337EB6 /* Build configuration list for PBXNativeTarget "Carthage (iOS)" */;
			buildPhases = (
				2BF4CEED269ACE9E00337EB6 /* Sources */,
				2BF4CEEE269ACE9E00337EB6 /* Frameworks */,
				2BF4CEEF269ACE9E00337EB6 /* Resources */,
			);
			buildRules = (
			);
			dependencies = (
			);
			name = "Carthage (iOS)";
			productName = "Carthage (iOS)";
			productReference = 2BF4CEF1269ACE9E00337EB6 /* Carthage.app */;
			productType = "com.apple.product-type.application";
		};
		2BF4CEF8269ACE9E00337EB6 /* Carthage (macOS) */ = {
			isa = PBXNativeTarget;
			buildConfigurationList = 2BF4CF09269ACE9E00337EB6 /* Build configuration list for PBXNativeTarget "Carthage (macOS)" */;
			buildPhases = (
				2BF4CEF5269ACE9E00337EB6 /* Sources */,
				2BF4CEF6269ACE9E00337EB6 /* Frameworks */,
				2BF4CEF7269ACE9E00337EB6 /* Resources */,
			);
			buildRules = (
			);
			dependencies = (
			);
			name = "Carthage (macOS)";
			productName = "Carthage (macOS)";
			productReference = 2BF4CEF9269ACE9E00337EB6 /* Carthage.app */;
			productType = "com.apple.product-type.application";
		};
/* End PBXNativeTarget section */

/* Begin PBXProject section */
		2BF4CEE4269ACE9D00337EB6 /* Project object */ = {
			isa = PBXProject;
			attributes = {
				BuildIndependentTargetsInParallel = 1;
				LastSwiftUpdateCheck = 1300;
				LastUpgradeCheck = 1300;
				TargetAttributes = {
					2BF4CEF0269ACE9E00337EB6 = {
						CreatedOnToolsVersion = 13.0;
					};
					2BF4CEF8269ACE9E00337EB6 = {
						CreatedOnToolsVersion = 13.0;
					};
				};
			};
			buildConfigurationList = 2BF4CEE7269ACE9D00337EB6 /* Build configuration list for PBXProject "Carthage" */;
			compatibilityVersion = "Xcode 13.0";
			developmentRegion = en;
			hasScannedForEncodings = 0;
			knownRegions = (
				en,
				Base,
			);
			mainGroup = 2BF4CEE3269ACE9D00337EB6;
			productRefGroup = 2BF4CEF2269ACE9E00337EB6 /* Products */;
			projectDirPath = "";
			projectRoot = "";
			targets = (
				2BF4CEF0269ACE9E00337EB6 /* Carthage (iOS) */,
				2BF4CEF8269ACE9E00337EB6 /* Carthage (macOS) */,
			);
		};
/* End PBXProject section */

/* Begin PBXResourcesBuildPhase section */
		2BF4CEEF269ACE9E00337EB6 /* Resources */ = {
			isa = PBXResourcesBuildPhase;
			buildActionMask = 2147483647;
			files = (
				2B6AABB2269C2D56001B17DE /* Files in Resources */,
				2B6AABA3269BEF97001B17DE /* COPYING in Resources */,
				2B6AABA0269BEBDD001B17DE /* README.md in Resources */,
				2BF4CF02269ACE9E00337EB6 /* Assets.xcassets in Resources */,
			);
			runOnlyForDeploymentPostprocessing = 0;
		};
		2BF4CEF7269ACE9E00337EB6 /* Resources */ = {
			isa = PBXResourcesBuildPhase;
			buildActionMask = 2147483647;
			files = (
				2B6AABB3269C2D56001B17DE /* Files in Resources */,
				2B6AABA4269BEF97001B17DE /* COPYING in Resources */,
				2B6AABA1269BEBDD001B17DE /* README.md in Resources */,
				2BF4CF03269ACE9E00337EB6 /* Assets.xcassets in Resources */,
			);
			runOnlyForDeploymentPostprocessing = 0;
		};
/* End PBXResourcesBuildPhase section */

/* Begin PBXSourcesBuildPhase section */
		2BF4CEED269ACE9E00337EB6 /* Sources */ = {
			isa = PBXSourcesBuildPhase;
			buildActionMask = 2147483647;
			files = (
				2BF4CEFC269ACE9E00337EB6 /* CarthageApp.swift in Sources */,
				2BA40EFA269BC35500558C15 /* CarthageObject.swift in Sources */,
				2BF4CEFE269ACE9E00337EB6 /* CarthageDocument.swift in Sources */,
				2BA40EF4269BC06900558C15 /* BrowserView.swift in Sources */,
				2B6AABA7269C0EDA001B17DE /* CarthageEngine.swift in Sources */,
				2B6AABAE269C2AAF001B17DE /* ScriptEditor.swift in Sources */,
				2BA40F00269BDA9400558C15 /* CarthageData.swift in Sources */,
				2BA40EEE269BBEDB00558C15 /* ProjectView.swift in Sources */,
				2B6AABAA269C1524001B17DE /* SceneKitEngine.swift in Sources */,
				2BA40EF1269BBF8500558C15 /* SideView.swift in Sources */,
				2BF4CF00269ACE9E00337EB6 /* ContentView.swift in Sources */,
				2BA40F03269BDE1700558C15 /* DataView.swift in Sources */,
				2BA40EF7269BC32300558C15 /* CarthageProject.swift in Sources */,
				2BF4CF8B269AD97800337EB6 /* CarthageModel.swift in Sources */,
			);
			runOnlyForDeploymentPostprocessing = 0;
		};
		2BF4CEF5269ACE9E00337EB6 /* Sources */ = {
			isa = PBXSourcesBuildPhase;
			buildActionMask = 2147483647;
			files = (
				2BF4CEFD269ACE9E00337EB6 /* CarthageApp.swift in Sources */,
				2BA40EFB269BC35500558C15 /* CarthageObject.swift in Sources */,
				2BF4CEFF269ACE9E00337EB6 /* CarthageDocument.swift in Sources */,
				2BA40EF5269BC06900558C15 /* BrowserView.swift in Sources */,
				2B6AABA8269C0EDA001B17DE /* CarthageEngine.swift in Sources */,
				2B6AABAF269C2AAF001B17DE /* ScriptEditor.swift in Sources */,
				2BA40F01269BDA9400558C15 /* CarthageData.swift in Sources */,
				2BA40EEF269BBEDB00558C15 /* ProjectView.swift in Sources */,
				2B6AABAB269C1524001B17DE /* SceneKitEngine.swift in Sources */,
				2BA40EF2269BBF8500558C15 /* SideView.swift in Sources */,
				2BF4CF01269ACE9E00337EB6 /* ContentView.swift in Sources */,
				2BA40F04269BDE1700558C15 /* DataView.swift in Sources */,
				2BA40EF8269BC32300558C15 /* CarthageProject.swift in Sources */,
				2BF4CF8C269AD97800337EB6 /* CarthageModel.swift in Sources */,
			);
			runOnlyForDeploymentPostprocessing = 0;
		};
/* End PBXSourcesBuildPhase section */

/* Begin XCBuildConfiguration section */
		2BF4CF04269ACE9E00337EB6 /* Debug */ = {
			isa = XCBuildConfiguration;
			buildSettings = {
				ALWAYS_SEARCH_USER_PATHS = NO;
				CLANG_ANALYZER_NONNULL = YES;
				CLANG_ANALYZER_NUMBER_OBJECT_CONVERSION = YES_AGGRESSIVE;
				CLANG_CXX_LANGUAGE_STANDARD = "gnu++14";
				CLANG_CXX_LIBRARY = "libc++";
				CLANG_ENABLE_MODULES = YES;
				CLANG_ENABLE_OBJC_ARC = YES;
				CLANG_ENABLE_OBJC_WEAK = YES;
				CLANG_WARN_BLOCK_CAPTURE_AUTORELEASING = YES;
				CLANG_WARN_BOOL_CONVERSION = YES;
				CLANG_WARN_COMMA = YES;
				CLANG_WARN_CONSTANT_CONVERSION = YES;
				CLANG_WARN_DEPRECATED_OBJC_IMPLEMENTATIONS = YES;
				CLANG_WARN_DIRECT_OBJC_ISA_USAGE = YES_ERROR;
				CLANG_WARN_DOCUMENTATION_COMMENTS = YES;
				CLANG_WARN_EMPTY_BODY = YES;
				CLANG_WARN_ENUM_CONVERSION = YES;
				CLANG_WARN_INFINITE_RECURSION = YES;
				CLANG_WARN_INT_CONVERSION = YES;
				CLANG_WARN_NON_LITERAL_NULL_CONVERSION = YES;
				CLANG_WARN_OBJC_IMPLICIT_RETAIN_SELF = YES;
				CLANG_WARN_OBJC_LITERAL_CONVERSION = YES;
				CLANG_WARN_OBJC_ROOT_CLASS = YES_ERROR;
				CLANG_WARN_QUOTED_INCLUDE_IN_FRAMEWORK_HEADER = YES;
				CLANG_WARN_RANGE_LOOP_ANALYSIS = YES;
				CLANG_WARN_STRICT_PROTOTYPES = YES;
				CLANG_WARN_SUSPICIOUS_MOVE = YES;
				CLANG_WARN_UNGUARDED_AVAILABILITY = YES_AGGRESSIVE;
				CLANG_WARN_UNREACHABLE_CODE = YES;
				CLANG_WARN__DUPLICATE_METHOD_MATCH = YES;
				COPY_PHASE_STRIP = NO;
				DEBUG_INFORMATION_FORMAT = dwarf;
				ENABLE_STRICT_OBJC_MSGSEND = YES;
				ENABLE_TESTABILITY = YES;
				GCC_C_LANGUAGE_STANDARD = gnu11;
				GCC_DYNAMIC_NO_PIC = NO;
				GCC_NO_COMMON_BLOCKS = YES;
				GCC_OPTIMIZATION_LEVEL = 0;
				GCC_PREPROCESSOR_DEFINITIONS = (
					"DEBUG=1",
					"$(inherited)",
				);
				GCC_WARN_64_TO_32_BIT_CONVERSION = YES;
				GCC_WARN_ABOUT_RETURN_TYPE = YES_ERROR;
				GCC_WARN_UNDECLARED_SELECTOR = YES;
				GCC_WARN_UNINITIALIZED_AUTOS = YES_AGGRESSIVE;
				GCC_WARN_UNUSED_FUNCTION = YES;
				GCC_WARN_UNUSED_VARIABLE = YES;
				MTL_ENABLE_DEBUG_INFO = INCLUDE_SOURCE;
				MTL_FAST_MATH = YES;
				ONLY_ACTIVE_ARCH = YES;
				SWIFT_ACTIVE_COMPILATION_CONDITIONS = DEBUG;
				SWIFT_OPTIMIZATION_LEVEL = "-Onone";
			};
			name = Debug;
		};
		2BF4CF05269ACE9E00337EB6 /* Release */ = {
			isa = XCBuildConfiguration;
			buildSettings = {
				ALWAYS_SEARCH_USER_PATHS = NO;
				CLANG_ANALYZER_NONNULL = YES;
				CLANG_ANALYZER_NUMBER_OBJECT_CONVERSION = YES_AGGRESSIVE;
				CLANG_CXX_LANGUAGE_STANDARD = "gnu++14";
				CLANG_CXX_LIBRARY = "libc++";
				CLANG_ENABLE_MODULES = YES;
				CLANG_ENABLE_OBJC_ARC = YES;
				CLANG_ENABLE_OBJC_WEAK = YES;
				CLANG_WARN_BLOCK_CAPTURE_AUTORELEASING = YES;
				CLANG_WARN_BOOL_CONVERSION = YES;
				CLANG_WARN_COMMA = YES;
				CLANG_WARN_CONSTANT_CONVERSION = YES;
				CLANG_WARN_DEPRECATED_OBJC_IMPLEMENTATIONS = YES;
				CLANG_WARN_DIRECT_OBJC_ISA_USAGE = YES_ERROR;
				CLANG_WARN_DOCUMENTATION_COMMENTS = YES;
				CLANG_WARN_EMPTY_BODY = YES;
				CLANG_WARN_ENUM_CONVERSION = YES;
				CLANG_WARN_INFINITE_RECURSION = YES;
				CLANG_WARN_INT_CONVERSION = YES;
				CLANG_WARN_NON_LITERAL_NULL_CONVERSION = YES;
				CLANG_WARN_OBJC_IMPLICIT_RETAIN_SELF = YES;
				CLANG_WARN_OBJC_LITERAL_CONVERSION = YES;
				CLANG_WARN_OBJC_ROOT_CLASS = YES_ERROR;
				CLANG_WARN_QUOTED_INCLUDE_IN_FRAMEWORK_HEADER = YES;
				CLANG_WARN_RANGE_LOOP_ANALYSIS = YES;
				CLANG_WARN_STRICT_PROTOTYPES = YES;
				CLANG_WARN_SUSPICIOUS_MOVE = YES;
				CLANG_WARN_UNGUARDED_AVAILABILITY = YES_AGGRESSIVE;
				CLANG_WARN_UNREACHABLE_CODE = YES;
				CLANG_WARN__DUPLICATE_METHOD_MATCH = YES;
				COPY_PHASE_STRIP = NO;
				DEBUG_INFORMATION_FORMAT = "dwarf-with-dsym";
				ENABLE_NS_ASSERTIONS = NO;
				ENABLE_STRICT_OBJC_MSGSEND = YES;
				GCC_C_LANGUAGE_STANDARD = gnu11;
				GCC_NO_COMMON_BLOCKS = YES;
				GCC_WARN_64_TO_32_BIT_CONVERSION = YES;
				GCC_WARN_ABOUT_RETURN_TYPE = YES_ERROR;
				GCC_WARN_UNDECLARED_SELECTOR = YES;
				GCC_WARN_UNINITIALIZED_AUTOS = YES_AGGRESSIVE;
				GCC_WARN_UNUSED_FUNCTION = YES;
				GCC_WARN_UNUSED_VARIABLE = YES;
				MTL_ENABLE_DEBUG_INFO = NO;
				MTL_FAST_MATH = YES;
				SWIFT_COMPILATION_MODE = wholemodule;
				SWIFT_OPTIMIZATION_LEVEL = "-O";
			};
			name = Release;
		};
		2BF4CF07269ACE9E00337EB6 /* Debug */ = {
			isa = XCBuildConfiguration;
			buildSettings = {
				ASSETCATALOG_COMPILER_APPICON_NAME = AppIcon;
				ASSETCATALOG_COMPILER_GLOBAL_ACCENT_COLOR_NAME = AccentColor;
				CODE_SIGN_STYLE = Automatic;
				CURRENT_PROJECT_VERSION = 1;
				DEVELOPMENT_TEAM = G6R6L3VH62;
				ENABLE_PREVIEWS = YES;
				GENERATE_INFOPLIST_FILE = YES;
				INFOPLIST_FILE = iOS/Info.plist;
				INFOPLIST_KEY_LSSupportsOpeningDocumentsInPlace = YES;
				INFOPLIST_KEY_UIApplicationSceneManifest_Generation = YES;
				INFOPLIST_KEY_UIApplicationSupportsIndirectInputEvents = YES;
				INFOPLIST_KEY_UILaunchScreen_Generation = YES;
				INFOPLIST_KEY_UISupportedInterfaceOrientations_iPad = "UIInterfaceOrientationPortrait UIInterfaceOrientationPortraitUpsideDown UIInterfaceOrientationLandscapeLeft UIInterfaceOrientationLandscapeRight";
				INFOPLIST_KEY_UISupportedInterfaceOrientations_iPhone = "UIInterfaceOrientationPortrait UIInterfaceOrientationLandscapeLeft UIInterfaceOrientationLandscapeRight";
				INFOPLIST_KEY_UISupportsDocumentBrowser = YES;
				IPHONEOS_DEPLOYMENT_TARGET = 14.0;
				LD_RUNPATH_SEARCH_PATHS = (
					"$(inherited)",
					"@executable_path/Frameworks",
				);
				MARKETING_VERSION = 1.0;
				PRODUCT_BUNDLE_IDENTIFIER = com.moenig.Carthage;
				PRODUCT_NAME = Carthage;
				SDKROOT = iphoneos;
				SWIFT_EMIT_LOC_STRINGS = YES;
				SWIFT_VERSION = 5.0;
				TARGETED_DEVICE_FAMILY = "1,2";
			};
			name = Debug;
		};
		2BF4CF08269ACE9E00337EB6 /* Release */ = {
			isa = XCBuildConfiguration;
			buildSettings = {
				ASSETCATALOG_COMPILER_APPICON_NAME = AppIcon;
				ASSETCATALOG_COMPILER_GLOBAL_ACCENT_COLOR_NAME = AccentColor;
				CODE_SIGN_STYLE = Automatic;
				CURRENT_PROJECT_VERSION = 1;
				DEVELOPMENT_TEAM = G6R6L3VH62;
				ENABLE_PREVIEWS = YES;
				GENERATE_INFOPLIST_FILE = YES;
				INFOPLIST_FILE = iOS/Info.plist;
				INFOPLIST_KEY_LSSupportsOpeningDocumentsInPlace = YES;
				INFOPLIST_KEY_UIApplicationSceneManifest_Generation = YES;
				INFOPLIST_KEY_UIApplicationSupportsIndirectInputEvents = YES;
				INFOPLIST_KEY_UILaunchScreen_Generation = YES;
				INFOPLIST_KEY_UISupportedInterfaceOrientations_iPad = "UIInterfaceOrientationPortrait UIInterfaceOrientationPortraitUpsideDown UIInterfaceOrientationLandscapeLeft UIInterfaceOrientationLandscapeRight";
				INFOPLIST_KEY_UISupportedInterfaceOrientations_iPhone = "UIInterfaceOrientationPortrait UIInterfaceOrientationLandscapeLeft UIInterfaceOrientationLandscapeRight";
				INFOPLIST_KEY_UISupportsDocumentBrowser = YES;
				IPHONEOS_DEPLOYMENT_TARGET = 14.0;
				LD_RUNPATH_SEARCH_PATHS = (
					"$(inherited)",
					"@executable_path/Frameworks",
				);
				MARKETING_VERSION = 1.0;
				PRODUCT_BUNDLE_IDENTIFIER = com.moenig.Carthage;
				PRODUCT_NAME = Carthage;
				SDKROOT = iphoneos;
				SWIFT_EMIT_LOC_STRINGS = YES;
				SWIFT_VERSION = 5.0;
				TARGETED_DEVICE_FAMILY = "1,2";
				VALIDATE_PRODUCT = YES;
			};
			name = Release;
		};
		2BF4CF0A269ACE9E00337EB6 /* Debug */ = {
			isa = XCBuildConfiguration;
			buildSettings = {
				ASSETCATALOG_COMPILER_APPICON_NAME = AppIcon;
				ASSETCATALOG_COMPILER_GLOBAL_ACCENT_COLOR_NAME = AccentColor;
				CODE_SIGN_ENTITLEMENTS = Carthage.entitlements;
				CODE_SIGN_STYLE = Automatic;
				COMBINE_HIDPI_IMAGES = YES;
				CURRENT_PROJECT_VERSION = 1;
				DEVELOPMENT_TEAM = G6R6L3VH62;
				ENABLE_APP_SANDBOX = YES;
				ENABLE_HARDENED_RUNTIME = YES;
				ENABLE_PREVIEWS = YES;
				ENABLE_USER_SELECTED_FILES = readwrite;
				GENERATE_INFOPLIST_FILE = YES;
				INFOPLIST_FILE = macOS/Info.plist;
				INFOPLIST_KEY_NSHumanReadableCopyright = "";
				LD_RUNPATH_SEARCH_PATHS = (
					"$(inherited)",
					"@executable_path/../Frameworks",
				);
				MACOSX_DEPLOYMENT_TARGET = 12.0;
				MARKETING_VERSION = 1.0;
				PRODUCT_BUNDLE_IDENTIFIER = com.moenig.Carthage;
				PRODUCT_NAME = Carthage;
				SDKROOT = macosx;
				SWIFT_EMIT_LOC_STRINGS = YES;
				SWIFT_VERSION = 5.0;
			};
			name = Debug;
		};
		2BF4CF0B269ACE9E00337EB6 /* Release */ = {
			isa = XCBuildConfiguration;
			buildSettings = {
				ASSETCATALOG_COMPILER_APPICON_NAME = AppIcon;
				ASSETCATALOG_COMPILER_GLOBAL_ACCENT_COLOR_NAME = AccentColor;
				CODE_SIGN_ENTITLEMENTS = Carthage.entitlements;
				CODE_SIGN_STYLE = Automatic;
				COMBINE_HIDPI_IMAGES = YES;
				CURRENT_PROJECT_VERSION = 1;
				DEVELOPMENT_TEAM = G6R6L3VH62;
				ENABLE_APP_SANDBOX = YES;
				ENABLE_HARDENED_RUNTIME = YES;
				ENABLE_PREVIEWS = YES;
				ENABLE_USER_SELECTED_FILES = readwrite;
				GENERATE_INFOPLIST_FILE = YES;
				INFOPLIST_FILE = macOS/Info.plist;
				INFOPLIST_KEY_NSHumanReadableCopyright = "";
				LD_RUNPATH_SEARCH_PATHS = (
					"$(inherited)",
					"@executable_path/../Frameworks",
				);
				MACOSX_DEPLOYMENT_TARGET = 12.0;
				MARKETING_VERSION = 1.0;
				PRODUCT_BUNDLE_IDENTIFIER = com.moenig.Carthage;
				PRODUCT_NAME = Carthage;
				SDKROOT = macosx;
				SWIFT_EMIT_LOC_STRINGS = YES;
				SWIFT_VERSION = 5.0;
			};
			name = Release;
		};
/* End XCBuildConfiguration section */

/* Begin XCConfigurationList section */
		2BF4CEE7269ACE9D00337EB6 /* Build configuration list for PBXProject "Carthage" */ = {
			isa = XCConfigurationList;
			buildConfigurations = (
				2BF4CF04269ACE9E00337EB6 /* Debug */,
				2BF4CF05269ACE9E00337EB6 /* Release */,
			);
			defaultConfigurationIsVisible = 0;
			defaultConfigurationName = Release;
		};
		2BF4CF06269ACE9E00337EB6 /* Build configuration list for PBXNativeTarget "Carthage (iOS)" */ = {
			isa = XCConfigurationList;
			buildConfigurations = (
				2BF4CF07269ACE9E00337EB6 /* Debug */,
				2BF4CF08269ACE9E00337EB6 /* Release */,
			);
			defaultConfigurationIsVisible = 0;
			defaultConfigurationName = Release;
		};
		2BF4CF09269ACE9E00337EB6 /* Build configuration list for PBXNativeTarget "Carthage (macOS)" */ = {
			isa = XCConfigurationList;
			buildConfigurations = (
				2BF4CF0A269ACE9E00337EB6 /* Debug */,
				2BF4CF0B269ACE9E00337EB6 /* Release */,
			);
			defaultConfigurationIsVisible = 0;
			defaultConfigurationName = Release;
		};
/* End XCConfigurationList section */
	};
	rootObject = 2BF4CEE4269ACE9D00337EB6 /* Project object */;
}
